
Microsoft Visual Studio Solution File, Format Version 12.00
# Visual Studio 15
VisualStudioVersion = 15.0.26730.16
MinimumVisualStudioVersion = 10.0.40219.1
Project("{FAE04EC0-301F-11D3-BF4B-00C04F79EFBC}") = "MG.Entity", "MG.Entity\MG.Entity.csproj", "{32381E4D-9B38-4915-A72B-F14843E4FCE0}"
EndProject
Global
	GlobalSection(SolutionConfigurationPlatforms) = preSolution
		Debug|Any CPU = Debug|Any CPU
		Release|Any CPU = Release|Any CPU
	EndGlobalSection
	GlobalSection(ProjectConfigurationPlatforms) = postSolution
		{32381E4D-9B38-4915-A72B-F14843E4FCE0}.Debug|Any CPU.ActiveCfg = Debug|Any CPU
		{32381E4D-9B38-4915-A72B-F14843E4FCE0}.Debug|Any CPU.Build.0 = Debug|Any CPU
		{32381E4D-9B38-4915-A72B-F14843E4FCE0}.Release|Any CPU.ActiveCfg = Release|Any CPU
		{32381E4D-9B38-4915-A72B-F14843E4FCE0}.Release|Any CPU.Build.0 = Release|Any CPU
	EndGlobalSection
	GlobalSection(SolutionProperties) = preSolution
		HideSolutionNode = FALSE
	EndGlobalSection
	GlobalSection(ExtensibilityGlobals) = postSolution
		SolutionGuid = {AD6760EC-B3EE-4B16-9B29-2CC6EAE91373}
	EndGlobalSection
EndGlobal
